
Microsoft Visual Studio Solution File, Format Version 12.00
# Visual Studio Version 16
VisualStudioVersion = 16.0.29709.97
MinimumVisualStudioVersion = 10.0.40219.1
Project("{FAE04EC0-301F-11D3-BF4B-00C04F79EFBC}") = "Week4_oops", "Week4_oops.csproj", "{DC55B8FA-2534-4DAB-A89C-8DC62AC0B800}"
EndProject
Global
	GlobalSection(SolutionConfigurationPlatforms) = preSolution
		Debug|Any CPU = Debug|Any CPU
		Release|Any CPU = Release|Any CPU
	EndGlobalSection
	GlobalSection(ProjectConfigurationPlatforms) = postSolution
		{DC55B8FA-2534-4DAB-A89C-8DC62AC0B800}.Debug|Any CPU.ActiveCfg = Debug|Any CPU
		{DC55B8FA-2534-4DAB-A89C-8DC62AC0B800}.Debug|Any CPU.Build.0 = Debug|Any CPU
		{DC55B8FA-2534-4DAB-A89C-8DC62AC0B800}.Release|Any CPU.ActiveCfg = Release|Any CPU
		{DC55B8FA-2534-4DAB-A89C-8DC62AC0B800}.Release|Any CPU.Build.0 = Release|Any CPU
	EndGlobalSection
	GlobalSection(SolutionProperties) = preSolution
		HideSolutionNode = FALSE
	EndGlobalSection
	GlobalSection(ExtensibilityGlobals) = postSolution
		SolutionGuid = {65C2CB80-84F8-4426-95D0-8B2D1AC897D6}
	EndGlobalSection
EndGlobal
